
Microsoft Visual Studio Solution File, Format Version 12.00
# Visual Studio 15
VisualStudioVersion = 15.0.28307.1300
MinimumVisualStudioVersion = 10.0.40219.1
Project("{FAE04EC0-301F-11D3-BF4B-00C04F79EFBC}") = "12", "12\12.csproj", "{8DE12EF0-850A-4613-AC5B-E1E96BF50B9C}"
EndProject
Global
	GlobalSection(SolutionConfigurationPlatforms) = preSolution
		Debug|Any CPU = Debug|Any CPU
		Release|Any CPU = Release|Any CPU
	EndGlobalSection
	GlobalSection(ProjectConfigurationPlatforms) = postSolution
		{8DE12EF0-850A-4613-AC5B-E1E96BF50B9C}.Debug|Any CPU.ActiveCfg = Debug|Any CPU
		{8DE12EF0-850A-4613-AC5B-E1E96BF50B9C}.Debug|Any CPU.Build.0 = Debug|Any CPU
		{8DE12EF0-850A-4613-AC5B-E1E96BF50B9C}.Release|Any CPU.ActiveCfg = Release|Any CPU
		{8DE12EF0-850A-4613-AC5B-E1E96BF50B9C}.Release|Any CPU.Build.0 = Release|Any CPU
	EndGlobalSection
	GlobalSection(SolutionProperties) = preSolution
		HideSolutionNode = FALSE
	EndGlobalSection
	GlobalSection(ExtensibilityGlobals) = postSolution
		SolutionGuid = {BDC1CF16-93DD-448C-BF6D-9A5029D02490}
	EndGlobalSection
EndGlobal
