
Microsoft Visual Studio Solution File, Format Version 12.00
# Visual Studio 15
VisualStudioVersion = 15.0.28307.1300
MinimumVisualStudioVersion = 10.0.40219.1
Project("{FAE04EC0-301F-11D3-BF4B-00C04F79EFBC}") = "21", "21\21.csproj", "{F5F1F18C-779A-415F-8168-4DC7479D6265}"
EndProject
Global
	GlobalSection(SolutionConfigurationPlatforms) = preSolution
		Debug|Any CPU = Debug|Any CPU
		Release|Any CPU = Release|Any CPU
	EndGlobalSection
	GlobalSection(ProjectConfigurationPlatforms) = postSolution
		{F5F1F18C-779A-415F-8168-4DC7479D6265}.Debug|Any CPU.ActiveCfg = Debug|Any CPU
		{F5F1F18C-779A-415F-8168-4DC7479D6265}.Debug|Any CPU.Build.0 = Debug|Any CPU
		{F5F1F18C-779A-415F-8168-4DC7479D6265}.Release|Any CPU.ActiveCfg = Release|Any CPU
		{F5F1F18C-779A-415F-8168-4DC7479D6265}.Release|Any CPU.Build.0 = Release|Any CPU
	EndGlobalSection
	GlobalSection(SolutionProperties) = preSolution
		HideSolutionNode = FALSE
	EndGlobalSection
	GlobalSection(ExtensibilityGlobals) = postSolution
		SolutionGuid = {7A8394DC-A28D-4E30-9239-819892D9D352}
	EndGlobalSection
EndGlobal
