
Microsoft Visual Studio Solution File, Format Version 12.00
# Visual Studio 15
VisualStudioVersion = 15.0.28307.1300
MinimumVisualStudioVersion = 10.0.40219.1
Project("{FAE04EC0-301F-11D3-BF4B-00C04F79EFBC}") = "18", "18\18.csproj", "{1EB5D959-52BF-47F2-BA36-893165877848}"
EndProject
Global
	GlobalSection(SolutionConfigurationPlatforms) = preSolution
		Debug|Any CPU = Debug|Any CPU
		Release|Any CPU = Release|Any CPU
	EndGlobalSection
	GlobalSection(ProjectConfigurationPlatforms) = postSolution
		{1EB5D959-52BF-47F2-BA36-893165877848}.Debug|Any CPU.ActiveCfg = Debug|Any CPU
		{1EB5D959-52BF-47F2-BA36-893165877848}.Debug|Any CPU.Build.0 = Debug|Any CPU
		{1EB5D959-52BF-47F2-BA36-893165877848}.Release|Any CPU.ActiveCfg = Release|Any CPU
		{1EB5D959-52BF-47F2-BA36-893165877848}.Release|Any CPU.Build.0 = Release|Any CPU
	EndGlobalSection
	GlobalSection(SolutionProperties) = preSolution
		HideSolutionNode = FALSE
	EndGlobalSection
	GlobalSection(ExtensibilityGlobals) = postSolution
		SolutionGuid = {52B8B587-1CD4-496A-A1BC-86C4D406F1F6}
	EndGlobalSection
EndGlobal
